// !$*UTF8*$!
{
	archiveVersion = 1;
	classes = {
	};
	objectVersion = 48;
	objects = {

/* Begin PBXBuildFile section */
		190782E320717B9F00FE4298 /* UserManager.swift in Sources */ = {isa = PBXBuildFile; fileRef = 190782E220717B9F00FE4298 /* UserManager.swift */; };
		192688D8206D617900EF7920 /* GoogleService-Info.plist in Resources */ = {isa = PBXBuildFile; fileRef = 192688D7206D617900EF7920 /* GoogleService-Info.plist */; };
		199903DE205AE41A00F4BF43 /* AppDelegate.swift in Sources */ = {isa = PBXBuildFile; fileRef = 199903DD205AE41A00F4BF43 /* AppDelegate.swift */; };
		199903E0205AE41A00F4BF43 /* LoginScreen.swift in Sources */ = {isa = PBXBuildFile; fileRef = 199903DF205AE41A00F4BF43 /* LoginScreen.swift */; };
		199903E3205AE41A00F4BF43 /* Main.storyboard in Resources */ = {isa = PBXBuildFile; fileRef = 199903E1205AE41A00F4BF43 /* Main.storyboard */; };
		199903E5205AE41A00F4BF43 /* Assets.xcassets in Resources */ = {isa = PBXBuildFile; fileRef = 199903E4205AE41A00F4BF43 /* Assets.xcassets */; };
		199903E8205AE41A00F4BF43 /* LaunchScreen.storyboard in Resources */ = {isa = PBXBuildFile; fileRef = 199903E6205AE41A00F4BF43 /* LaunchScreen.storyboard */; };
		19B43736205EE52A00B17D9B /* MainScreenEmployee.swift in Sources */ = {isa = PBXBuildFile; fileRef = 19B43735205EE52A00B17D9B /* MainScreenEmployee.swift */; };
		19B43739205F1EF000B17D9B /* Data.swift in Sources */ = {isa = PBXBuildFile; fileRef = 19B43738205F1EF000B17D9B /* Data.swift */; };
		19B4373C205F709300B17D9B /* CategoriesScreen.swift in Sources */ = {isa = PBXBuildFile; fileRef = 19B4373B205F709300B17D9B /* CategoriesScreen.swift */; };
		19C161A6205C063F00E5EA8F /* Extensions.swift in Sources */ = {isa = PBXBuildFile; fileRef = 19C161A5205C063F00E5EA8F /* Extensions.swift */; };
		19D4C072206335B60087B9B3 /* Job.swift in Sources */ = {isa = PBXBuildFile; fileRef = 19D4C071206335B60087B9B3 /* Job.swift */; };
		19D4C07420633EA60087B9B3 /* JobCellTableViewCell.swift in Sources */ = {isa = PBXBuildFile; fileRef = 19D4C07320633EA60087B9B3 /* JobCellTableViewCell.swift */; };
		19D4C07620641F280087B9B3 /* JobDetailsView.swift in Sources */ = {isa = PBXBuildFile; fileRef = 19D4C07520641F280087B9B3 /* JobDetailsView.swift */; };
		6AEC71A03ED7174C0B80CE0D /* Pods_laborLess.framework in Frameworks */ = {isa = PBXBuildFile; fileRef = 2ADFFD451B32FD2384996DC6 /* Pods_laborLess.framework */; };
/* End PBXBuildFile section */

/* Begin PBXFileReference section */
		190782E220717B9F00FE4298 /* UserManager.swift */ = {isa = PBXFileReference; lastKnownFileType = sourcecode.swift; path = UserManager.swift; sourceTree = "<group>"; };
		192688D7206D617900EF7920 /* GoogleService-Info.plist */ = {isa = PBXFileReference; fileEncoding = 4; lastKnownFileType = text.plist.xml; path = "GoogleService-Info.plist"; sourceTree = "<group>"; };
		199903DA205AE41A00F4BF43 /* laborLess.app */ = {isa = PBXFileReference; explicitFileType = wrapper.application; includeInIndex = 0; path = laborLess.app; sourceTree = BUILT_PRODUCTS_DIR; };
		199903DD205AE41A00F4BF43 /* AppDelegate.swift */ = {isa = PBXFileReference; lastKnownFileType = sourcecode.swift; path = AppDelegate.swift; sourceTree = "<group>"; };
		199903DF205AE41A00F4BF43 /* LoginScreen.swift */ = {isa = PBXFileReference; lastKnownFileType = sourcecode.swift; path = LoginScreen.swift; sourceTree = "<group>"; };
		199903E2205AE41A00F4BF43 /* Base */ = {isa = PBXFileReference; lastKnownFileType = file.storyboard; name = Base; path = Base.lproj/Main.storyboard; sourceTree = "<group>"; };
		199903E4205AE41A00F4BF43 /* Assets.xcassets */ = {isa = PBXFileReference; lastKnownFileType = folder.assetcatalog; path = Assets.xcassets; sourceTree = "<group>"; };
		199903E7205AE41A00F4BF43 /* Base */ = {isa = PBXFileReference; lastKnownFileType = file.storyboard; name = Base; path = Base.lproj/LaunchScreen.storyboard; sourceTree = "<group>"; };
		199903E9205AE41A00F4BF43 /* Info.plist */ = {isa = PBXFileReference; lastKnownFileType = text.plist.xml; path = Info.plist; sourceTree = "<group>"; };
		19B43735205EE52A00B17D9B /* MainScreenEmployee.swift */ = {isa = PBXFileReference; lastKnownFileType = sourcecode.swift; path = MainScreenEmployee.swift; sourceTree = "<group>"; };
		19B43738205F1EF000B17D9B /* Data.swift */ = {isa = PBXFileReference; lastKnownFileType = sourcecode.swift; path = Data.swift; sourceTree = "<group>"; };
		19B4373B205F709300B17D9B /* CategoriesScreen.swift */ = {isa = PBXFileReference; lastKnownFileType = sourcecode.swift; path = CategoriesScreen.swift; sourceTree = "<group>"; };
		19C161A5205C063F00E5EA8F /* Extensions.swift */ = {isa = PBXFileReference; lastKnownFileType = sourcecode.swift; path = Extensions.swift; sourceTree = "<group>"; };
		19D4C071206335B60087B9B3 /* Job.swift */ = {isa = PBXFileReference; lastKnownFileType = sourcecode.swift; path = Job.swift; sourceTree = "<group>"; };
		19D4C07320633EA60087B9B3 /* JobCellTableViewCell.swift */ = {isa = PBXFileReference; lastKnownFileType = sourcecode.swift; path = JobCellTableViewCell.swift; sourceTree = "<group>"; };
		19D4C07520641F280087B9B3 /* JobDetailsView.swift */ = {isa = PBXFileReference; lastKnownFileType = sourcecode.swift; path = JobDetailsView.swift; sourceTree = "<group>"; };
		2ADFFD451B32FD2384996DC6 /* Pods_laborLess.framework */ = {isa = PBXFileReference; explicitFileType = wrapper.framework; includeInIndex = 0; path = Pods_laborLess.framework; sourceTree = BUILT_PRODUCTS_DIR; };
		5EC3D7A62BE337BD5735CB74 /* Pods-laborLess.release.xcconfig */ = {isa = PBXFileReference; includeInIndex = 1; lastKnownFileType = text.xcconfig; name = "Pods-laborLess.release.xcconfig"; path = "Pods/Target Support Files/Pods-laborLess/Pods-laborLess.release.xcconfig"; sourceTree = "<group>"; };
		79CECFD14C40F8E2B15E436C /* Pods-laborLess.debug.xcconfig */ = {isa = PBXFileReference; includeInIndex = 1; lastKnownFileType = text.xcconfig; name = "Pods-laborLess.debug.xcconfig"; path = "Pods/Target Support Files/Pods-laborLess/Pods-laborLess.debug.xcconfig"; sourceTree = "<group>"; };
/* End PBXFileReference section */

/* Begin PBXFrameworksBuildPhase section */
		199903D7205AE41A00F4BF43 /* Frameworks */ = {
			isa = PBXFrameworksBuildPhase;
			buildActionMask = 2147483647;
			files = (
				6AEC71A03ED7174C0B80CE0D /* Pods_laborLess.framework in Frameworks */,
			);
			runOnlyForDeploymentPostprocessing = 0;
		};
/* End PBXFrameworksBuildPhase section */

/* Begin PBXGroup section */
		199903D1205AE41A00F4BF43 = {
			isa = PBXGroup;
			children = (
				199903DC205AE41A00F4BF43 /* laborLess */,
				199903DB205AE41A00F4BF43 /* Products */,
				EC95135C58978B04E54DF097 /* Pods */,
				490D5A51927A206A73D0418F /* Frameworks */,
			);
			sourceTree = "<group>";
		};
		199903DB205AE41A00F4BF43 /* Products */ = {
			isa = PBXGroup;
			children = (
				199903DA205AE41A00F4BF43 /* laborLess.app */,
			);
			name = Products;
			sourceTree = "<group>";
		};
		199903DC205AE41A00F4BF43 /* laborLess */ = {
			isa = PBXGroup;
			children = (
				199903DD205AE41A00F4BF43 /* AppDelegate.swift */,
				199903E1205AE41A00F4BF43 /* Main.storyboard */,
				19C161A7205CACF500E5EA8F /* View Controllers */,
				19B4373A205F1F8E00B17D9B /* Views */,
				19B43737205F1ED500B17D9B /* Model */,
				19C161A4205C062300E5EA8F /* Supporting Files */,
				199903E4205AE41A00F4BF43 /* Assets.xcassets */,
				199903E6205AE41A00F4BF43 /* LaunchScreen.storyboard */,
				199903E9205AE41A00F4BF43 /* Info.plist */,
				192688D7206D617900EF7920 /* GoogleService-Info.plist */,
			);
			path = laborLess;
			sourceTree = "<group>";
		};
		19B43737205F1ED500B17D9B /* Model */ = {
			isa = PBXGroup;
			children = (
				190782E220717B9F00FE4298 /* UserManager.swift */,
				19B43738205F1EF000B17D9B /* Data.swift */,
				19D4C071206335B60087B9B3 /* Job.swift */,
				19D4C07320633EA60087B9B3 /* JobCellTableViewCell.swift */,
			);
			path = Model;
			sourceTree = "<group>";
		};
		19B4373A205F1F8E00B17D9B /* Views */ = {
			isa = PBXGroup;
			children = (
				19D4C07520641F280087B9B3 /* JobDetailsView.swift */,
			);
			path = Views;
			sourceTree = "<group>";
		};
		19C161A4205C062300E5EA8F /* Supporting Files */ = {
			isa = PBXGroup;
			children = (
				19C161A5205C063F00E5EA8F /* Extensions.swift */,
			);
			path = "Supporting Files";
			sourceTree = "<group>";
		};
		19C161A7205CACF500E5EA8F /* View Controllers */ = {
			isa = PBXGroup;
			children = (
				199903DF205AE41A00F4BF43 /* LoginScreen.swift */,
				19B43735205EE52A00B17D9B /* MainScreenEmployee.swift */,
				19B4373B205F709300B17D9B /* CategoriesScreen.swift */,
			);
			path = "View Controllers";
			sourceTree = "<group>";
		};
		490D5A51927A206A73D0418F /* Frameworks */ = {
			isa = PBXGroup;
			children = (
				2ADFFD451B32FD2384996DC6 /* Pods_laborLess.framework */,
			);
			name = Frameworks;
			sourceTree = "<group>";
		};
		EC95135C58978B04E54DF097 /* Pods */ = {
			isa = PBXGroup;
			children = (
				79CECFD14C40F8E2B15E436C /* Pods-laborLess.debug.xcconfig */,
				5EC3D7A62BE337BD5735CB74 /* Pods-laborLess.release.xcconfig */,
			);
			name = Pods;
			sourceTree = "<group>";
		};
/* End PBXGroup section */

/* Begin PBXNativeTarget section */
		199903D9205AE41A00F4BF43 /* laborLess */ = {
			isa = PBXNativeTarget;
			buildConfigurationList = 199903EC205AE41A00F4BF43 /* Build configuration list for PBXNativeTarget "laborLess" */;
			buildPhases = (
				8394EE476C54D1C080300055 /* [CP] Check Pods Manifest.lock */,
				199903D6205AE41A00F4BF43 /* Sources */,
				199903D7205AE41A00F4BF43 /* Frameworks */,
				199903D8205AE41A00F4BF43 /* Resources */,
				A33A194B7B57C3EFAC8FB974 /* [CP] Embed Pods Frameworks */,
				B7AB4BB4D619EC8B53336556 /* [CP] Copy Pods Resources */,
			);
			buildRules = (
			);
			dependencies = (
			);
			name = laborLess;
			productName = laborLess;
			productReference = 199903DA205AE41A00F4BF43 /* laborLess.app */;
			productType = "com.apple.product-type.application";
		};
/* End PBXNativeTarget section */

/* Begin PBXProject section */
		199903D2205AE41A00F4BF43 /* Project object */ = {
			isa = PBXProject;
			attributes = {
				LastSwiftUpdateCheck = 0920;
				LastUpgradeCheck = 0920;
				ORGANIZATIONNAME = "Jordan Alnaser";
				TargetAttributes = {
					199903D9205AE41A00F4BF43 = {
						CreatedOnToolsVersion = 9.2;
						ProvisioningStyle = Automatic;
					};
				};
			};
			buildConfigurationList = 199903D5205AE41A00F4BF43 /* Build configuration list for PBXProject "laborLess" */;
			compatibilityVersion = "Xcode 8.0";
			developmentRegion = en;
			hasScannedForEncodings = 0;
			knownRegions = (
				en,
				Base,
			);
			mainGroup = 199903D1205AE41A00F4BF43;
			productRefGroup = 199903DB205AE41A00F4BF43 /* Products */;
			projectDirPath = "";
			projectRoot = "";
			targets = (
				199903D9205AE41A00F4BF43 /* laborLess */,
			);
		};
/* End PBXProject section */

/* Begin PBXResourcesBuildPhase section */
		199903D8205AE41A00F4BF43 /* Resources */ = {
			isa = PBXResourcesBuildPhase;
			buildActionMask = 2147483647;
			files = (
				199903E8205AE41A00F4BF43 /* LaunchScreen.storyboard in Resources */,
				192688D8206D617900EF7920 /* GoogleService-Info.plist in Resources */,
				199903E5205AE41A00F4BF43 /* Assets.xcassets in Resources */,
				199903E3205AE41A00F4BF43 /* Main.storyboard in Resources */,
			);
			runOnlyForDeploymentPostprocessing = 0;
		};
/* End PBXResourcesBuildPhase section */

/* Begin PBXShellScriptBuildPhase section */
		8394EE476C54D1C080300055 /* [CP] Check Pods Manifest.lock */ = {
			isa = PBXShellScriptBuildPhase;
			buildActionMask = 2147483647;
			files = (
			);
			inputPaths = (
				"${PODS_PODFILE_DIR_PATH}/Podfile.lock",
				"${PODS_ROOT}/Manifest.lock",
			);
			name = "[CP] Check Pods Manifest.lock";
			outputPaths = (
				"$(DERIVED_FILE_DIR)/Pods-laborLess-checkManifestLockResult.txt",
			);
			runOnlyForDeploymentPostprocessing = 0;
			shellPath = /bin/sh;
			shellScript = "diff \"${PODS_PODFILE_DIR_PATH}/Podfile.lock\" \"${PODS_ROOT}/Manifest.lock\" > /dev/null\nif [ $? != 0 ] ; then\n    # print error to STDERR\n    echo \"error: The sandbox is not in sync with the Podfile.lock. Run 'pod install' or update your CocoaPods installation.\" >&2\n    exit 1\nfi\n# This output is used by Xcode 'outputs' to avoid re-running this script phase.\necho \"SUCCESS\" > \"${SCRIPT_OUTPUT_FILE_0}\"\n";
			showEnvVarsInLog = 0;
		};
		A33A194B7B57C3EFAC8FB974 /* [CP] Embed Pods Frameworks */ = {
			isa = PBXShellScriptBuildPhase;
			buildActionMask = 2147483647;
			files = (
			);
			inputPaths = (
				"${SRCROOT}/Pods/Target Support Files/Pods-laborLess/Pods-laborLess-frameworks.sh",
				"${BUILT_PRODUCTS_DIR}/GTMSessionFetcher/GTMSessionFetcher.framework",
				"${BUILT_PRODUCTS_DIR}/GoogleToolboxForMac/GoogleToolboxForMac.framework",
				"${BUILT_PRODUCTS_DIR}/leveldb-library/leveldb.framework",
				"${BUILT_PRODUCTS_DIR}/nanopb/nanopb.framework",
			);
			name = "[CP] Embed Pods Frameworks";
			outputPaths = (
				"${TARGET_BUILD_DIR}/${FRAMEWORKS_FOLDER_PATH}/GTMSessionFetcher.framework",
				"${TARGET_BUILD_DIR}/${FRAMEWORKS_FOLDER_PATH}/GoogleToolboxForMac.framework",
				"${TARGET_BUILD_DIR}/${FRAMEWORKS_FOLDER_PATH}/leveldb.framework",
				"${TARGET_BUILD_DIR}/${FRAMEWORKS_FOLDER_PATH}/nanopb.framework",
			);
			runOnlyForDeploymentPostprocessing = 0;
			shellPath = /bin/sh;
			shellScript = "\"${SRCROOT}/Pods/Target Support Files/Pods-laborLess/Pods-laborLess-frameworks.sh\"\n";
			showEnvVarsInLog = 0;
		};
		B7AB4BB4D619EC8B53336556 /* [CP] Copy Pods Resources */ = {
			isa = PBXShellScriptBuildPhase;
			buildActionMask = 2147483647;
			files = (
			);
			inputPaths = (
			);
			name = "[CP] Copy Pods Resources";
			outputPaths = (
			);
			runOnlyForDeploymentPostprocessing = 0;
			shellPath = /bin/sh;
			shellScript = "\"${SRCROOT}/Pods/Target Support Files/Pods-laborLess/Pods-laborLess-resources.sh\"\n";
			showEnvVarsInLog = 0;
		};
/* End PBXShellScriptBuildPhase section */

/* Begin PBXSourcesBuildPhase section */
		199903D6205AE41A00F4BF43 /* Sources */ = {
			isa = PBXSourcesBuildPhase;
			buildActionMask = 2147483647;
			files = (
				19B43736205EE52A00B17D9B /* MainScreenEmployee.swift in Sources */,
				19B43739205F1EF000B17D9B /* Data.swift in Sources */,
				199903E0205AE41A00F4BF43 /* LoginScreen.swift in Sources */,
				19D4C07620641F280087B9B3 /* JobDetailsView.swift in Sources */,
				19D4C07420633EA60087B9B3 /* JobCellTableViewCell.swift in Sources */,
				19C161A6205C063F00E5EA8F /* Extensions.swift in Sources */,
				199903DE205AE41A00F4BF43 /* AppDelegate.swift in Sources */,
				19D4C072206335B60087B9B3 /* Job.swift in Sources */,
				190782E320717B9F00FE4298 /* UserManager.swift in Sources */,
				19B4373C205F709300B17D9B /* CategoriesScreen.swift in Sources */,
			);
			runOnlyForDeploymentPostprocessing = 0;
		};
/* End PBXSourcesBuildPhase section */

/* Begin PBXVariantGroup section */
		199903E1205AE41A00F4BF43 /* Main.storyboard */ = {
			isa = PBXVariantGroup;
			children = (
				199903E2205AE41A00F4BF43 /* Base */,
			);
			name = Main.storyboard;
			sourceTree = "<group>";
		};
		199903E6205AE41A00F4BF43 /* LaunchScreen.storyboard */ = {
			isa = PBXVariantGroup;
			children = (
				199903E7205AE41A00F4BF43 /* Base */,
			);
			name = LaunchScreen.storyboard;
			sourceTree = "<group>";
		};
/* End PBXVariantGroup section */

/* Begin XCBuildConfiguration section */
		199903EA205AE41A00F4BF43 /* Debug */ = {
			isa = XCBuildConfiguration;
			buildSettings = {
				ALWAYS_SEARCH_USER_PATHS = NO;
				CLANG_ANALYZER_NONNULL = YES;
				CLANG_ANALYZER_NUMBER_OBJECT_CONVERSION = YES_AGGRESSIVE;
				CLANG_CXX_LANGUAGE_STANDARD = "gnu++14";
				CLANG_CXX_LIBRARY = "libc++";
				CLANG_ENABLE_MODULES = YES;
				CLANG_ENABLE_OBJC_ARC = YES;
				CLANG_WARN_BLOCK_CAPTURE_AUTORELEASING = YES;
				CLANG_WARN_BOOL_CONVERSION = YES;
				CLANG_WARN_COMMA = YES;
				CLANG_WARN_CONSTANT_CONVERSION = YES;
				CLANG_WARN_DIRECT_OBJC_ISA_USAGE = YES_ERROR;
				CLANG_WARN_DOCUMENTATION_COMMENTS = YES;
				CLANG_WARN_EMPTY_BODY = YES;
				CLANG_WARN_ENUM_CONVERSION = YES;
				CLANG_WARN_INFINITE_RECURSION = YES;
				CLANG_WARN_INT_CONVERSION = YES;
				CLANG_WARN_NON_LITERAL_NULL_CONVERSION = YES;
				CLANG_WARN_OBJC_LITERAL_CONVERSION = YES;
				CLANG_WARN_OBJC_ROOT_CLASS = YES_ERROR;
				CLANG_WARN_RANGE_LOOP_ANALYSIS = YES;
				CLANG_WARN_STRICT_PROTOTYPES = YES;
				CLANG_WARN_SUSPICIOUS_MOVE = YES;
				CLANG_WARN_UNGUARDED_AVAILABILITY = YES_AGGRESSIVE;
				CLANG_WARN_UNREACHABLE_CODE = YES;
				CLANG_WARN__DUPLICATE_METHOD_MATCH = YES;
				CODE_SIGN_IDENTITY = "iPhone Developer";
				COPY_PHASE_STRIP = NO;
				DEBUG_INFORMATION_FORMAT = dwarf;
				ENABLE_STRICT_OBJC_MSGSEND = YES;
				ENABLE_TESTABILITY = YES;
				GCC_C_LANGUAGE_STANDARD = gnu11;
				GCC_DYNAMIC_NO_PIC = NO;
				GCC_NO_COMMON_BLOCKS = YES;
				GCC_OPTIMIZATION_LEVEL = 0;
				GCC_PREPROCESSOR_DEFINITIONS = (
					"DEBUG=1",
					"$(inherited)",
				);
				GCC_WARN_64_TO_32_BIT_CONVERSION = YES;
				GCC_WARN_ABOUT_RETURN_TYPE = YES_ERROR;
				GCC_WARN_UNDECLARED_SELECTOR = YES;
				GCC_WARN_UNINITIALIZED_AUTOS = YES_AGGRESSIVE;
				GCC_WARN_UNUSED_FUNCTION = YES;
				GCC_WARN_UNUSED_VARIABLE = YES;
				IPHONEOS_DEPLOYMENT_TARGET = 11.2;
				MTL_ENABLE_DEBUG_INFO = YES;
				ONLY_ACTIVE_ARCH = YES;
				SDKROOT = iphoneos;
				SWIFT_ACTIVE_COMPILATION_CONDITIONS = DEBUG;
				SWIFT_OPTIMIZATION_LEVEL = "-Onone";
			};
			name = Debug;
		};
		199903EB205AE41A00F4BF43 /* Release */ = {
			isa = XCBuildConfiguration;
			buildSettings = {
				ALWAYS_SEARCH_USER_PATHS = NO;
				CLANG_ANALYZER_NONNULL = YES;
				CLANG_ANALYZER_NUMBER_OBJECT_CONVERSION = YES_AGGRESSIVE;
				CLANG_CXX_LANGUAGE_STANDARD = "gnu++14";
				CLANG_CXX_LIBRARY = "libc++";
				CLANG_ENABLE_MODULES = YES;
				CLANG_ENABLE_OBJC_ARC = YES;
				CLANG_WARN_BLOCK_CAPTURE_AUTORELEASING = YES;
				CLANG_WARN_BOOL_CONVERSION = YES;
				CLANG_WARN_COMMA = YES;
				CLANG_WARN_CONSTANT_CONVERSION = YES;
				CLANG_WARN_DIRECT_OBJC_ISA_USAGE = YES_ERROR;
				CLANG_WARN_DOCUMENTATION_COMMENTS = YES;
				CLANG_WARN_EMPTY_BODY = YES;
				CLANG_WARN_ENUM_CONVERSION = YES;
				CLANG_WARN_INFINITE_RECURSION = YES;
				CLANG_WARN_INT_CONVERSION = YES;
				CLANG_WARN_NON_LITERAL_NULL_CONVERSION = YES;
				CLANG_WARN_OBJC_LITERAL_CONVERSION = YES;
				CLANG_WARN_OBJC_ROOT_CLASS = YES_ERROR;
				CLANG_WARN_RANGE_LOOP_ANALYSIS = YES;
				CLANG_WARN_STRICT_PROTOTYPES = YES;
				CLANG_WARN_SUSPICIOUS_MOVE = YES;
				CLANG_WARN_UNGUARDED_AVAILABILITY = YES_AGGRESSIVE;
				CLANG_WARN_UNREACHABLE_CODE = YES;
				CLANG_WARN__DUPLICATE_METHOD_MATCH = YES;
				CODE_SIGN_IDENTITY = "iPhone Developer";
				COPY_PHASE_STRIP = NO;
				DEBUG_INFORMATION_FORMAT = "dwarf-with-dsym";
				ENABLE_NS_ASSERTIONS = NO;
				ENABLE_STRICT_OBJC_MSGSEND = YES;
				GCC_C_LANGUAGE_STANDARD = gnu11;
				GCC_NO_COMMON_BLOCKS = YES;
				GCC_WARN_64_TO_32_BIT_CONVERSION = YES;
				GCC_WARN_ABOUT_RETURN_TYPE = YES_ERROR;
				GCC_WARN_UNDECLARED_SELECTOR = YES;
				GCC_WARN_UNINITIALIZED_AUTOS = YES_AGGRESSIVE;
				GCC_WARN_UNUSED_FUNCTION = YES;
				GCC_WARN_UNUSED_VARIABLE = YES;
				IPHONEOS_DEPLOYMENT_TARGET = 11.2;
				MTL_ENABLE_DEBUG_INFO = NO;
				SDKROOT = iphoneos;
				SWIFT_OPTIMIZATION_LEVEL = "-Owholemodule";
				VALIDATE_PRODUCT = YES;
			};
			name = Release;
		};
		199903ED205AE41A00F4BF43 /* Debug */ = {
			isa = XCBuildConfiguration;
			baseConfigurationReference = 79CECFD14C40F8E2B15E436C /* Pods-laborLess.debug.xcconfig */;
			buildSettings = {
				ASSETCATALOG_COMPILER_APPICON_NAME = AppIcon;
				CODE_SIGN_STYLE = Automatic;
				DEVELOPMENT_TEAM = A935AACQJX;
				INFOPLIST_FILE = laborLess/Info.plist;
				LD_RUNPATH_SEARCH_PATHS = "$(inherited) @executable_path/Frameworks";
				PRODUCT_BUNDLE_IDENTIFIER = jordanAlnaser.laborLess;
				PRODUCT_NAME = "$(TARGET_NAME)";
				SWIFT_VERSION = 4.0;
				TARGETED_DEVICE_FAMILY = 1;
			};
			name = Debug;
		};
		199903EE205AE41A00F4BF43 /* Release */ = {
			isa = XCBuildConfiguration;
			baseConfigurationReference = 5EC3D7A62BE337BD5735CB74 /* Pods-laborLess.release.xcconfig */;
			buildSettings = {
				ASSETCATALOG_COMPILER_APPICON_NAME = AppIcon;
				CODE_SIGN_STYLE = Automatic;
				DEVELOPMENT_TEAM = A935AACQJX;
				INFOPLIST_FILE = laborLess/Info.plist;
				LD_RUNPATH_SEARCH_PATHS = "$(inherited) @executable_path/Frameworks";
				PRODUCT_BUNDLE_IDENTIFIER = jordanAlnaser.laborLess;
				PRODUCT_NAME = "$(TARGET_NAME)";
				SWIFT_VERSION = 4.0;
				TARGETED_DEVICE_FAMILY = 1;
			};
			name = Release;
		};
/* End XCBuildConfiguration section */

/* Begin XCConfigurationList section */
		199903D5205AE41A00F4BF43 /* Build configuration list for PBXProject "laborLess" */ = {
			isa = XCConfigurationList;
			buildConfigurations = (
				199903EA205AE41A00F4BF43 /* Debug */,
				199903EB205AE41A00F4BF43 /* Release */,
			);
			defaultConfigurationIsVisible = 0;
			defaultConfigurationName = Release;
		};
		199903EC205AE41A00F4BF43 /* Build configuration list for PBXNativeTarget "laborLess" */ = {
			isa = XCConfigurationList;
			buildConfigurations = (
				199903ED205AE41A00F4BF43 /* Debug */,
				199903EE205AE41A00F4BF43 /* Release */,
			);
			defaultConfigurationIsVisible = 0;
			defaultConfigurationName = Release;
		};
/* End XCConfigurationList section */
	};
	rootObject = 199903D2205AE41A00F4BF43 /* Project object */;
}
